version = 1
revision = 3
requires-python = ">=3.11"

[[package]]
name = "fm-analytics"
version = "0.1.0"
source = { editable = "." }

[package.optional-dependencies]
research = [
    { name = "frida" },
]

[package.metadata]
requires-dist = [{ name = "frida", marker = "extra == 'research'", specifier = "==17.18.0" }]
provides-extras = ["research"]

[[package]]
name = "frida"
version = "17.18.0"
source = { registry = "https://pypi.org/simple" }
sdist = { url = "https://files.pythonhosted.org/packages/34/82/5976d0d66ff7672ce1fd86fd0bbf71343ae4c86d4c74cdfcaada31bfe4f7/frida-17.18.0.tar.gz", hash = "sha256:d786e1053c306894e345898da91ce61dfcb0d0013f4dd51e507d2be2ed5c1306", size = 939187, upload-time = "2026-09-09T19:27:12.771Z" }
wheels = [
    { url = "https://files.pythonhosted.org/packages/8a/b5/bfbcdd74763b92e1a657afaa08bc794b36338271179728037c889b94cd49/frida-17.18.0-cp37-abi3-macosx_10_13_x86_64.whl", hash = "sha256:a3583dec3c4dad9e1b3646a380b5d7785c615a8b282c63928a9792821eb1439c", size = 28624072, upload-time = "2026-09-09T19:26:15.641Z" },
    { url = "https://files.pythonhosted.org/packages/e0/0a/16ddd229e3b4d061267180ae6e8bce9b61d19095a80285abc19d14d8f307/frida-17.18.0-cp37-abi3-macosx_11_0_arm64.whl", hash = "sha256:8e97a33969f447bab9f9c2ac3a58fae4a14d12156f60baa288acf045ea713acd", size = 37617890, upload-time = "2026-09-09T19:26:21.285Z" },
    { url = "https://files.pythonhosted.org/packages/cb/35/5e2891706373d9ff30a5af501e93d13720e08ee7816b9183153e682d14d4/frida-17.18.0-cp37-abi3-manylinux1_i686.whl", hash = "sha256:6dde9961c03c59089d06f19f8d27b89c2702842e6a38810fe0adb8b00ef24545", size = 26062501, upload-time = "2026-09-09T19:26:25.444Z" },
    { url = "https://files.pythonhosted.org/packages/a6/cf/86030add136b93f014c5c42c24439fb5cce061656559de633e96917bcdd0/frida-17.18.0-cp37-abi3-manylinux1_x86_64.whl", hash = "sha256:da56d1ea9cafb20e623261dc91da92a3b50279c60160654f5014c1e8fe933d44", size = 38861516, upload-time = "2026-09-09T19:26:30.075Z" },
    { url = "https://files.pythonhosted.org/packages/68/8b/e62e6b2f9658738fee33d0ab5de6204e01c4b60190dc52cd7b5c1a14b2bf/frida-17.18.0-cp37-abi3-manylinux2014_aarch64.whl", hash = "sha256:dffc3775ca90c973ad1b2060f831a08ffaa43710132d547785bce5b00a8bc969", size = 26562565, upload-time = "2026-09-09T19:26:33.961Z" },
    { url = "https://files.pythonhosted.org/packages/14/fe/08271664a9b716b28bf76497e678d3a599eea878f24fce0d2a11f584e9fc/frida-17.18.0-cp37-abi3-manylinux2014_armv7l.whl", hash = "sha256:c3f19e0d6224afc0499ea53035c92fe709d326676ec72e4a3300a01f415b2052", size = 24418988, upload-time = "2026-09-09T19:26:37.458Z" },
    { url = "https://files.pythonhosted.org/packages/96/9e/78bd6926815e1fb02f26116131337490fa46cbb80ad03ffb54bb02af7536/frida-17.18.0-cp37-abi3-manylinux_2_17_aarch64.whl", hash = "sha256:de478ed342358f8d28a9f6abf7ea48e2c7c2ced886905764765fb5d6a9e6b527", size = 26562566, upload-time = "2026-09-09T19:26:41.109Z" },
    { url = "https://files.pythonhosted.org/packages/35/50/82ae5b812bf3681842e7c78550ffb12d8a4cea4640d91c85ae6eeed80d0d/frida-17.18.0-cp37-abi3-manylinux_2_17_armv7l.whl", hash = "sha256:36efb2c6857bbef6c86473a5fb52349f4a0bf12289215c78165d03c81698a325", size = 24418990, upload-time = "2026-09-09T19:26:44.835Z" },
    { url = "https://files.pythonhosted.org/packages/89/87/0e72096abb1b82c0163b3a848fc6224456e1c188968773abe952671b204a/frida-17.18.0-cp37-abi3-manylinux_2_5_i686.whl", hash = "sha256:d5c43373998d721e04f956974d14db6a80dcd4930a8ad6404886dc852fc3015f", size = 26062501, upload-time = "2026-09-09T19:26:48.534Z" },
    { url = "https://files.pythonhosted.org/packages/34/a4/b5d1777143f9d3218ce1489c56e3191e247100d6440c19bcda0997cbd56a/frida-17.18.0-cp37-abi3-manylinux_2_5_x86_64.whl", hash = "sha256:626e56d5fb6848234347d919467f03a1cc8eb65932a55a70f5bc23896dfba500", size = 38861517, upload-time = "2026-09-09T19:26:54.138Z" },
    { url = "https://files.pythonhosted.org/packages/37/c0/c87465665c319ee6b672e443542a4087ab3ae1233f7bd08c45ce854e2286/frida-17.18.0-cp37-abi3-win32.whl", hash = "sha256:258eb6b10c8cf83012be566a8ed5a538f14eec777f0d0ce473b38c0eeb668daa", size = 46724224, upload-time = "2026-09-09T19:26:59.107Z" },
    { url = "https://files.pythonhosted.org/packages/71/8a/0d271ce04b7eaf73eca9793597c489ff40eadf3426aff70f0ce452221a2e/frida-17.18.0-cp37-abi3-win_amd64.whl", hash = "sha256:4bcf171a0ae184e30e95f414ce3a8f5e92e75e5c8c04ce36cea5eafe632070b1", size = 49642983, upload-time = "2026-09-09T19:27:04.187Z" },
    { url = "https://files.pythonhosted.org/packages/42/3e/50d7d23c19bf8a2c6e37f18fec7b7d5cd36af692e0ae48c23a56a2942d06/frida-17.18.0-cp37-abi3-win_arm64.whl", hash = "sha256:9899a1e042f36e20782fd7681a61fa222e02063916f4ac6a50f38d8eef22ca98", size = 58949711, upload-time = "2026-09-09T19:27:09.565Z" },
]
